
Microsoft Visual Studio Solution File, Format Version 12.00
# Visual Studio Version 17
VisualStudioVersion = 17.0.31903.59
MinimumVisualStudioVersion = 10.0.40219.1
Project("{FAE04EC0-301F-11D3-BF4B-00C04F79EFBC}") = "CatFromLastWeek", "CatFromLastWeek\CatFromLastWeek.csproj", "{7B113AEB-F622-4954-88DD-BD4CBB3A874D}"
EndProject
Project("{FAE04EC0-301F-11D3-BF4B-00C04F79EFBC}") = "ClassVsStruct", "ClassVsStruct\ClassVsStruct.csproj", "{F0C390D7-E9C1-49CB-9B9A-724901F5DC44}"
EndProject
Global
	GlobalSection(SolutionConfigurationPlatforms) = preSolution
		Debug|Any CPU = Debug|Any CPU
		Release|Any CPU = Release|Any CPU
	EndGlobalSection
	GlobalSection(SolutionProperties) = preSolution
		HideSolutionNode = FALSE
	EndGlobalSection
	GlobalSection(ProjectConfigurationPlatforms) = postSolution
		{7B113AEB-F622-4954-88DD-BD4CBB3A874D}.Debug|Any CPU.ActiveCfg = Debug|Any CPU
		{7B113AEB-F622-4954-88DD-BD4CBB3A874D}.Debug|Any CPU.Build.0 = Debug|Any CPU
		{7B113AEB-F622-4954-88DD-BD4CBB3A874D}.Release|Any CPU.ActiveCfg = Release|Any CPU
		{7B113AEB-F622-4954-88DD-BD4CBB3A874D}.Release|Any CPU.Build.0 = Release|Any CPU
		{F0C390D7-E9C1-49CB-9B9A-724901F5DC44}.Debug|Any CPU.ActiveCfg = Debug|Any CPU
		{F0C390D7-E9C1-49CB-9B9A-724901F5DC44}.Debug|Any CPU.Build.0 = Debug|Any CPU
		{F0C390D7-E9C1-49CB-9B9A-724901F5DC44}.Release|Any CPU.ActiveCfg = Release|Any CPU
		{F0C390D7-E9C1-49CB-9B9A-724901F5DC44}.Release|Any CPU.Build.0 = Release|Any CPU
	EndGlobalSection
EndGlobal
